
Microsoft Visual Studio Solution File, Format Version 12.00
# Visual Studio Version 16
VisualStudioVersion = 16.0.30320.27
MinimumVisualStudioVersion = 10.0.40219.1
Project("{FAE04EC0-301F-11D3-BF4B-00C04F79EFBC}") = "React525AuthBookmarks.web", "React525AuthBookmarks.web\React525AuthBookmarks.web.csproj", "{E9DD9AE3-D6EA-4F37-8AFE-AFB1F51B0741}"
EndProject
Project("{FAE04EC0-301F-11D3-BF4B-00C04F79EFBC}") = "React525AuthBookmarks.data", "React525AuthBookmarks.data\React525AuthBookmarks.data.csproj", "{CB2C86A3-0211-405F-A6B9-EB99391395FD}"
EndProject
Global
	GlobalSection(SolutionConfigurationPlatforms) = preSolution
		Debug|Any CPU = Debug|Any CPU
		Release|Any CPU = Release|Any CPU
	EndGlobalSection
	GlobalSection(ProjectConfigurationPlatforms) = postSolution
		{E9DD9AE3-D6EA-4F37-8AFE-AFB1F51B0741}.Debug|Any CPU.ActiveCfg = Debug|Any CPU
		{E9DD9AE3-D6EA-4F37-8AFE-AFB1F51B0741}.Debug|Any CPU.Build.0 = Debug|Any CPU
		{E9DD9AE3-D6EA-4F37-8AFE-AFB1F51B0741}.Release|Any CPU.ActiveCfg = Release|Any CPU
		{E9DD9AE3-D6EA-4F37-8AFE-AFB1F51B0741}.Release|Any CPU.Build.0 = Release|Any CPU
		{CB2C86A3-0211-405F-A6B9-EB99391395FD}.Debug|Any CPU.ActiveCfg = Debug|Any CPU
		{CB2C86A3-0211-405F-A6B9-EB99391395FD}.Debug|Any CPU.Build.0 = Debug|Any CPU
		{CB2C86A3-0211-405F-A6B9-EB99391395FD}.Release|Any CPU.ActiveCfg = Release|Any CPU
		{CB2C86A3-0211-405F-A6B9-EB99391395FD}.Release|Any CPU.Build.0 = Release|Any CPU
	EndGlobalSection
	GlobalSection(SolutionProperties) = preSolution
		HideSolutionNode = FALSE
	EndGlobalSection
	GlobalSection(ExtensibilityGlobals) = postSolution
		SolutionGuid = {8924914D-DB88-48D5-96FF-48357BF37C64}
	EndGlobalSection
EndGlobal
